
Microsoft Visual Studio Solution File, Format Version 12.00
# Visual Studio Version 17
VisualStudioVersion = 17.5.002.0
MinimumVisualStudioVersion = 10.0.40219.1
Project("{9A19103F-16F7-4668-BE54-9A1E7A4F7556}") = "Todo", "Todo\Todo.csproj", "{7EBBD768-05F4-4543-ADD1-867E6D3446BC}"
EndProject
Global
	GlobalSection(SolutionConfigurationPlatforms) = preSolution
		Debug|Any CPU = Debug|Any CPU
		Release|Any CPU = Release|Any CPU
	EndGlobalSection
	GlobalSection(ProjectConfigurationPlatforms) = postSolution
		{7EBBD768-05F4-4543-ADD1-867E6D3446BC}.Debug|Any CPU.ActiveCfg = Debug|Any CPU
		{7EBBD768-05F4-4543-ADD1-867E6D3446BC}.Debug|Any CPU.Build.0 = Debug|Any CPU
		{7EBBD768-05F4-4543-ADD1-867E6D3446BC}.Release|Any CPU.ActiveCfg = Release|Any CPU
		{7EBBD768-05F4-4543-ADD1-867E6D3446BC}.Release|Any CPU.Build.0 = Release|Any CPU
	EndGlobalSection
	GlobalSection(SolutionProperties) = preSolution
		HideSolutionNode = FALSE
	EndGlobalSection
	GlobalSection(ExtensibilityGlobals) = postSolution
		SolutionGuid = {7A0E8AAD-29CB-49E9-905D-CCDD2F518327}
	EndGlobalSection
EndGlobal
